github.com/Andoryuuta/Erupe v0.0.0-20200101155300-0922ff4f9ca6 h1:BdmLLLtmfItCxLlFa+5DObOe0+53dNPi4y5B8kIF+yo=
github.com/Andoryuuta/Erupe v0.0.0-20200101155300-0922ff4f9ca6/go.mod h1:4phpvs8XCZcZm4XGAjNB65Z4AZiomKb7l/M0wUiTiwM=
github.com/Andoryuuta/byteframe v0.0.0-20191219124302-41f4085eb4c0/go.mod h1:koVyx+gN3TfE70rpOidywETVODk87304YpwW69Y27J4=
github.com/BurntSushi/toml v0.3.1/go.mod h1:xHWCNGjB5oqiDr8zfno3MHue2Ht5sIBksp03qcyfWMU=
github.com/google/gopacket v1.1.17 h1:rMrlX2ZY2UbvT+sdz3+6J+pp2z+msCq9MxTU6ymxbBY=
github.com/google/gopacket v1.1.17/go.mod h1:UdDNZ1OO62aGYVnPhxT1U6aI7ukYtA/kB8vaU0diBUM=
github.com/gorilla/handlers v1.4.2/go.mod h1:Qkdc/uu4tH4g6mTK6auzZ766c4CA0Ng8+o/OAirnOIQ=
github.com/gorilla/mux v1.7.3/go.mod h1:1lud6UwP+6orDFRuTfBEV8e9/aOM/c4fVVCaMa2zaAs=
github.com/lib/pq v1.3.0/go.mod h1:5WUZQaWbwv1U+lTReE5YruASi9Al49XbQIvNi/34Woo=
golang.org/x/crypto v0.0.0-20190308221718-c2843e01d9a2/go.mod h1:djNgcEr1/C05ACkg1iLfiJU5Ep61QUkGW8qpdssI0+w=
golang.org/x/net v0.0.0-20190404232315-eb5bcb51f2a3/go.mod h1:t9HGtf8HONx5eT2rtn7q6eTqICYqUVnKs3thJo3Qplg=
golang.org/x/sys v0.0.0-20190215142949-d0b11bdaac8a/go.mod h1:STP8DvDyc/dI5b8T5hshtkjS+E42TnysNCUPdjciGhY=
golang.org/x/sys v0.0.0-20190405154228-4b34438f7a67/go.mod h1:h1NjWce9XRLGQEsW7wpKNCjG9DtNlClVuFLEZdDNbEs=
golang.org/x/text v0.3.0/go.mod h1:NqM8EUOU14njkJ3fqMW+pc6Ldnwhi/IjpwHt7yyuwOQ=
